
Microsoft Visual Studio Solution File, Format Version 12.00
# Visual Studio Version 16
VisualStudioVersion = 16.0.30717.126
MinimumVisualStudioVersion = 10.0.40219.1
Project("{9A19103F-16F7-4668-BE54-9A1E7A4F7556}") = "Ambulance", "Ambulance\Ambulance.csproj", "{643083A0-CA51-48B5-B2B8-3676259D7BD2}"
EndProject
Global
	GlobalSection(SolutionConfigurationPlatforms) = preSolution
		Debug|Any CPU = Debug|Any CPU
		Release|Any CPU = Release|Any CPU
	EndGlobalSection
	GlobalSection(ProjectConfigurationPlatforms) = postSolution
		{643083A0-CA51-48B5-B2B8-3676259D7BD2}.Debug|Any CPU.ActiveCfg = Debug|Any CPU
		{643083A0-CA51-48B5-B2B8-3676259D7BD2}.Debug|Any CPU.Build.0 = Debug|Any CPU
		{643083A0-CA51-48B5-B2B8-3676259D7BD2}.Release|Any CPU.ActiveCfg = Release|Any CPU
		{643083A0-CA51-48B5-B2B8-3676259D7BD2}.Release|Any CPU.Build.0 = Release|Any CPU
	EndGlobalSection
	GlobalSection(SolutionProperties) = preSolution
		HideSolutionNode = FALSE
	EndGlobalSection
	GlobalSection(ExtensibilityGlobals) = postSolution
		SolutionGuid = {DF3AE354-39D8-4300-BE40-4989375034FF}
	EndGlobalSection
EndGlobal
